
Microsoft Visual Studio Solution File, Format Version 12.00
# Visual Studio 15
VisualStudioVersion = 15.0.28010.2003
MinimumVisualStudioVersion = 10.0.40219.1
Project("{2150E333-8FDC-42A3-9474-1A3956D46DE8}") = "0.核心架构库", "0.核心架构库", "{E0D73A10-F183-4DCC-B6EF-FD157F233C6C}"
EndProject
Project("{FAE04EC0-301F-11D3-BF4B-00C04F79EFBC}") = "Evday.JaGo.Core", "Evday.JaGo.Core\Evday.JaGo.Core.csproj", "{036C1C8B-AFB3-4C4C-A9B9-DFCCD5BC2840}"
EndProject
Project("{FAE04EC0-301F-11D3-BF4B-00C04F79EFBC}") = "Evday.JaGo.Test", "Evday.JaGo.Test\Evday.JaGo.Test.csproj", "{31F03971-7964-4240-8E73-28EA541B8213}"
EndProject
Project("{FAE04EC0-301F-11D3-BF4B-00C04F79EFBC}") = "Evday.JaGo.EJDb", "Evday.JaGo.EJDb\Evday.JaGo.EJDb.csproj", "{FB3A1F83-1944-4645-BC94-AF2BE56C8EAB}"
EndProject
Project("{FAE04EC0-301F-11D3-BF4B-00C04F79EFBC}") = "Evday.JaGo.ConsoleTest", "Evday.JaGo.ConsoleTest\Evday.JaGo.ConsoleTest.csproj", "{1F6943B0-6A59-4292-964D-4B4F8669F9F1}"
EndProject
Global
	GlobalSection(SolutionConfigurationPlatforms) = preSolution
		Debug|Any CPU = Debug|Any CPU
		Release|Any CPU = Release|Any CPU
	EndGlobalSection
	GlobalSection(ProjectConfigurationPlatforms) = postSolution
		{036C1C8B-AFB3-4C4C-A9B9-DFCCD5BC2840}.Debug|Any CPU.ActiveCfg = Debug|Any CPU
		{036C1C8B-AFB3-4C4C-A9B9-DFCCD5BC2840}.Debug|Any CPU.Build.0 = Debug|Any CPU
		{036C1C8B-AFB3-4C4C-A9B9-DFCCD5BC2840}.Release|Any CPU.ActiveCfg = Release|Any CPU
		{036C1C8B-AFB3-4C4C-A9B9-DFCCD5BC2840}.Release|Any CPU.Build.0 = Release|Any CPU
		{31F03971-7964-4240-8E73-28EA541B8213}.Debug|Any CPU.ActiveCfg = Debug|Any CPU
		{31F03971-7964-4240-8E73-28EA541B8213}.Debug|Any CPU.Build.0 = Debug|Any CPU
		{31F03971-7964-4240-8E73-28EA541B8213}.Release|Any CPU.ActiveCfg = Release|Any CPU
		{31F03971-7964-4240-8E73-28EA541B8213}.Release|Any CPU.Build.0 = Release|Any CPU
		{FB3A1F83-1944-4645-BC94-AF2BE56C8EAB}.Debug|Any CPU.ActiveCfg = Debug|Any CPU
		{FB3A1F83-1944-4645-BC94-AF2BE56C8EAB}.Debug|Any CPU.Build.0 = Debug|Any CPU
		{FB3A1F83-1944-4645-BC94-AF2BE56C8EAB}.Release|Any CPU.ActiveCfg = Release|Any CPU
		{FB3A1F83-1944-4645-BC94-AF2BE56C8EAB}.Release|Any CPU.Build.0 = Release|Any CPU
		{1F6943B0-6A59-4292-964D-4B4F8669F9F1}.Debug|Any CPU.ActiveCfg = Debug|Any CPU
		{1F6943B0-6A59-4292-964D-4B4F8669F9F1}.Debug|Any CPU.Build.0 = Debug|Any CPU
		{1F6943B0-6A59-4292-964D-4B4F8669F9F1}.Release|Any CPU.ActiveCfg = Release|Any CPU
		{1F6943B0-6A59-4292-964D-4B4F8669F9F1}.Release|Any CPU.Build.0 = Release|Any CPU
	EndGlobalSection
	GlobalSection(SolutionProperties) = preSolution
		HideSolutionNode = FALSE
	EndGlobalSection
	GlobalSection(NestedProjects) = preSolution
		{036C1C8B-AFB3-4C4C-A9B9-DFCCD5BC2840} = {E0D73A10-F183-4DCC-B6EF-FD157F233C6C}
	EndGlobalSection
	GlobalSection(ExtensibilityGlobals) = postSolution
		SolutionGuid = {BDC8086C-7A8F-46B6-8D2C-3EE1C49D8CA8}
	EndGlobalSection
EndGlobal
